// !$*UTF8*$!
{
	archiveVersion = 1;
	classes = {
	};
	objectVersion = 51;
	objects = {

/* Begin PBXBuildFile section */
		06285D7A25ADB6710090E8D7 /* iCookApp.swift in Sources */ = {isa = PBXBuildFile; fileRef = 06285D7925ADB6710090E8D7 /* iCookApp.swift */; };
		06285D7C25ADB6710090E8D7 /* SearchReceiptView.swift in Sources */ = {isa = PBXBuildFile; fileRef = 06285D7B25ADB6710090E8D7 /* SearchReceiptView.swift */; };
		06285D7E25ADB6710090E8D7 /* Assets.xcassets in Resources */ = {isa = PBXBuildFile; fileRef = 06285D7D25ADB6710090E8D7 /* Assets.xcassets */; };
		06285D8125ADB6710090E8D7 /* Preview Assets.xcassets in Resources */ = {isa = PBXBuildFile; fileRef = 06285D8025ADB6710090E8D7 /* Preview Assets.xcassets */; };
		06285D8C25ADB6710090E8D7 /* iCookTests.swift in Sources */ = {isa = PBXBuildFile; fileRef = 06285D8B25ADB6710090E8D7 /* iCookTests.swift */; };
		06285D9725ADB6720090E8D7 /* iCookUITests.swift in Sources */ = {isa = PBXBuildFile; fileRef = 06285D9625ADB6720090E8D7 /* iCookUITests.swift */; };
		06285DA925ADB9010090E8D7 /* SearchReceiptApi.swift in Sources */ = {isa = PBXBuildFile; fileRef = 06285DA825ADB9010090E8D7 /* SearchReceiptApi.swift */; };
		06285DAF25ADB9820090E8D7 /* Receipt.swift in Sources */ = {isa = PBXBuildFile; fileRef = 06285DAE25ADB9820090E8D7 /* Receipt.swift */; };
		06285DB425ADBA870090E8D7 /* SearchReceiptResult.swift in Sources */ = {isa = PBXBuildFile; fileRef = 06285DB325ADBA870090E8D7 /* SearchReceiptResult.swift */; };
		06285DBA25ADBB320090E8D7 /* AppConstants.swift in Sources */ = {isa = PBXBuildFile; fileRef = 06285DB925ADBB320090E8D7 /* AppConstants.swift */; };
		06285DC725ADC4810090E8D7 /* SearchReceiptViewModel.swift in Sources */ = {isa = PBXBuildFile; fileRef = 06285DC625ADC4810090E8D7 /* SearchReceiptViewModel.swift */; };
		0697CD7E25B15960008E0221 /* ReceiptDetailView.swift in Sources */ = {isa = PBXBuildFile; fileRef = 0697CD7D25B15960008E0221 /* ReceiptDetailView.swift */; };
		0697CD8525B15C50008E0221 /* ReceiptInformation.swift in Sources */ = {isa = PBXBuildFile; fileRef = 0697CD8425B15C50008E0221 /* ReceiptInformation.swift */; };
		0697CD8A25B17EFC008E0221 /* ReceiptDetailViewModel.swift in Sources */ = {isa = PBXBuildFile; fileRef = 0697CD8925B17EFC008E0221 /* ReceiptDetailViewModel.swift */; };
		0697CD8F25B17F27008E0221 /* ReceiptDetailApi.swift in Sources */ = {isa = PBXBuildFile; fileRef = 0697CD8E25B17F27008E0221 /* ReceiptDetailApi.swift */; };
		0697CD9525B19C07008E0221 /* ReceiptDetailOverviewView.swift in Sources */ = {isa = PBXBuildFile; fileRef = 0697CD9425B19C07008E0221 /* ReceiptDetailOverviewView.swift */; };
		0697CDA025B19F60008E0221 /* ReceiptDetailIngredientsView.swift in Sources */ = {isa = PBXBuildFile; fileRef = 0697CD9F25B19F60008E0221 /* ReceiptDetailIngredientsView.swift */; };
		0697CDAB25B19FE8008E0221 /* ReceiptDetailStepsView.swift in Sources */ = {isa = PBXBuildFile; fileRef = 0697CDAA25B19FE8008E0221 /* ReceiptDetailStepsView.swift */; };
		0697CDB125B1C114008E0221 /* SearchReceiptError.swift in Sources */ = {isa = PBXBuildFile; fileRef = 0697CDB025B1C114008E0221 /* SearchReceiptError.swift */; };
		06DE8A0425B98AC400C8E63F /* MockSearchReceiptApi.swift in Sources */ = {isa = PBXBuildFile; fileRef = 06DE8A0325B98AC400C8E63F /* MockSearchReceiptApi.swift */; };
		06DE8A0C25B99EFE00C8E63F /* data.json in Resources */ = {isa = PBXBuildFile; fileRef = 06DE8A0B25B99EFE00C8E63F /* data.json */; };
		06E6B92D25B6E098009E9175 /* receipt.json in Resources */ = {isa = PBXBuildFile; fileRef = 06E6B92C25B6E098009E9175 /* receipt.json */; };
		06ED5D3A25B58C9900C4DCEF /* MockReceipDetailApi.swift in Sources */ = {isa = PBXBuildFile; fileRef = 06ED5D3925B58C9900C4DCEF /* MockReceipDetailApi.swift */; };
		66319CE36506330392B30DE8 /* Pods_iCookTests.framework in Frameworks */ = {isa = PBXBuildFile; fileRef = 771018D431D13B0CEF23656D /* Pods_iCookTests.framework */; };
		DA2C41A63CF7D2ED544D2A9E /* Pods_iCook_iCookUITests.framework in Frameworks */ = {isa = PBXBuildFile; fileRef = 6E66A2605D465709C96116E8 /* Pods_iCook_iCookUITests.framework */; };
		F0575D4186A012125E6F3005 /* Pods_iCook.framework in Frameworks */ = {isa = PBXBuildFile; fileRef = FD6BC0EC7FFE1405360EE693 /* Pods_iCook.framework */; };
/* End PBXBuildFile section */

/* Begin PBXContainerItemProxy section */
		06285D8825ADB6710090E8D7 /* PBXContainerItemProxy */ = {
			isa = PBXContainerItemProxy;
			containerPortal = 06285D6E25ADB6710090E8D7 /* Project object */;
			proxyType = 1;
			remoteGlobalIDString = 06285D7525ADB6710090E8D7;
			remoteInfo = iCook;
		};
		06285D9325ADB6720090E8D7 /* PBXContainerItemProxy */ = {
			isa = PBXContainerItemProxy;
			containerPortal = 06285D6E25ADB6710090E8D7 /* Project object */;
			proxyType = 1;
			remoteGlobalIDString = 06285D7525ADB6710090E8D7;
			remoteInfo = iCook;
		};
/* End PBXContainerItemProxy section */

/* Begin PBXFileReference section */
		057E08C6D2259A0001A0B066 /* Pods-iCook-iCookUITests.debug.xcconfig */ = {isa = PBXFileReference; includeInIndex = 1; lastKnownFileType = text.xcconfig; name = "Pods-iCook-iCookUITests.debug.xcconfig"; path = "Target Support Files/Pods-iCook-iCookUITests/Pods-iCook-iCookUITests.debug.xcconfig"; sourceTree = "<group>"; };
		06285D7625ADB6710090E8D7 /* iCook.app */ = {isa = PBXFileReference; explicitFileType = wrapper.application; includeInIndex = 0; path = iCook.app; sourceTree = BUILT_PRODUCTS_DIR; };
		06285D7925ADB6710090E8D7 /* iCookApp.swift */ = {isa = PBXFileReference; lastKnownFileType = sourcecode.swift; path = iCookApp.swift; sourceTree = "<group>"; };
		06285D7B25ADB6710090E8D7 /* SearchReceiptView.swift */ = {isa = PBXFileReference; lastKnownFileType = sourcecode.swift; path = SearchReceiptView.swift; sourceTree = "<group>"; };
		06285D7D25ADB6710090E8D7 /* Assets.xcassets */ = {isa = PBXFileReference; lastKnownFileType = folder.assetcatalog; path = Assets.xcassets; sourceTree = "<group>"; };
		06285D8025ADB6710090E8D7 /* Preview Assets.xcassets */ = {isa = PBXFileReference; lastKnownFileType = folder.assetcatalog; path = "Preview Assets.xcassets"; sourceTree = "<group>"; };
		06285D8225ADB6710090E8D7 /* Info.plist */ = {isa = PBXFileReference; lastKnownFileType = text.plist.xml; path = Info.plist; sourceTree = "<group>"; };
		06285D8725ADB6710090E8D7 /* iCookTests.xctest */ = {isa = PBXFileReference; explicitFileType = wrapper.cfbundle; includeInIndex = 0; path = iCookTests.xctest; sourceTree = BUILT_PRODUCTS_DIR; };
		06285D8B25ADB6710090E8D7 /* iCookTests.swift */ = {isa = PBXFileReference; lastKnownFileType = sourcecode.swift; path = iCookTests.swift; sourceTree = "<group>"; };
		06285D8D25ADB6710090E8D7 /* Info.plist */ = {isa = PBXFileReference; lastKnownFileType = text.plist.xml; path = Info.plist; sourceTree = "<group>"; };
		06285D9225ADB6720090E8D7 /* iCookUITests.xctest */ = {isa = PBXFileReference; explicitFileType = wrapper.cfbundle; includeInIndex = 0; path = iCookUITests.xctest; sourceTree = BUILT_PRODUCTS_DIR; };
		06285D9625ADB6720090E8D7 /* iCookUITests.swift */ = {isa = PBXFileReference; lastKnownFileType = sourcecode.swift; path = iCookUITests.swift; sourceTree = "<group>"; };
		06285D9825ADB6720090E8D7 /* Info.plist */ = {isa = PBXFileReference; lastKnownFileType = text.plist.xml; path = Info.plist; sourceTree = "<group>"; };
		06285DA825ADB9010090E8D7 /* SearchReceiptApi.swift */ = {isa = PBXFileReference; lastKnownFileType = sourcecode.swift; path = SearchReceiptApi.swift; sourceTree = "<group>"; };
		06285DAE25ADB9820090E8D7 /* Receipt.swift */ = {isa = PBXFileReference; lastKnownFileType = sourcecode.swift; path = Receipt.swift; sourceTree = "<group>"; };
		06285DB325ADBA870090E8D7 /* SearchReceiptResult.swift */ = {isa = PBXFileReference; lastKnownFileType = sourcecode.swift; path = SearchReceiptResult.swift; sourceTree = "<group>"; };
		06285DB925ADBB320090E8D7 /* AppConstants.swift */ = {isa = PBXFileReference; lastKnownFileType = sourcecode.swift; path = AppConstants.swift; sourceTree = "<group>"; };
		06285DC625ADC4810090E8D7 /* SearchReceiptViewModel.swift */ = {isa = PBXFileReference; lastKnownFileType = sourcecode.swift; path = SearchReceiptViewModel.swift; sourceTree = "<group>"; };
		0697CD7D25B15960008E0221 /* ReceiptDetailView.swift */ = {isa = PBXFileReference; lastKnownFileType = sourcecode.swift; path = ReceiptDetailView.swift; sourceTree = "<group>"; };
		0697CD8425B15C50008E0221 /* ReceiptInformation.swift */ = {isa = PBXFileReference; lastKnownFileType = sourcecode.swift; path = ReceiptInformation.swift; sourceTree = "<group>"; };
		0697CD8925B17EFC008E0221 /* ReceiptDetailViewModel.swift */ = {isa = PBXFileReference; lastKnownFileType = sourcecode.swift; path = ReceiptDetailViewModel.swift; sourceTree = "<group>"; };
		0697CD8E25B17F27008E0221 /* ReceiptDetailApi.swift */ = {isa = PBXFileReference; lastKnownFileType = sourcecode.swift; path = ReceiptDetailApi.swift; sourceTree = "<group>"; };
		0697CD9425B19C07008E0221 /* ReceiptDetailOverviewView.swift */ = {isa = PBXFileReference; lastKnownFileType = sourcecode.swift; path = ReceiptDetailOverviewView.swift; sourceTree = "<group>"; };
		0697CD9F25B19F60008E0221 /* ReceiptDetailIngredientsView.swift */ = {isa = PBXFileReference; lastKnownFileType = sourcecode.swift; path = ReceiptDetailIngredientsView.swift; sourceTree = "<group>"; };
		0697CDAA25B19FE8008E0221 /* ReceiptDetailStepsView.swift */ = {isa = PBXFileReference; lastKnownFileType = sourcecode.swift; path = ReceiptDetailStepsView.swift; sourceTree = "<group>"; };
		0697CDB025B1C114008E0221 /* SearchReceiptError.swift */ = {isa = PBXFileReference; lastKnownFileType = sourcecode.swift; path = SearchReceiptError.swift; sourceTree = "<group>"; };
		06DE8A0325B98AC400C8E63F /* MockSearchReceiptApi.swift */ = {isa = PBXFileReference; lastKnownFileType = sourcecode.swift; path = MockSearchReceiptApi.swift; sourceTree = "<group>"; };
		06DE8A0B25B99EFE00C8E63F /* data.json */ = {isa = PBXFileReference; fileEncoding = 4; lastKnownFileType = text.json; path = data.json; sourceTree = "<group>"; };
		06E6B92C25B6E098009E9175 /* receipt.json */ = {isa = PBXFileReference; fileEncoding = 4; lastKnownFileType = text.json; path = receipt.json; sourceTree = "<group>"; };
		06ED5D3925B58C9900C4DCEF /* MockReceipDetailApi.swift */ = {isa = PBXFileReference; lastKnownFileType = sourcecode.swift; path = MockReceipDetailApi.swift; sourceTree = "<group>"; };
		0708697656D9BA4E15A0E1A9 /* Pods-iCook-iCookUITests.release.xcconfig */ = {isa = PBXFileReference; includeInIndex = 1; lastKnownFileType = text.xcconfig; name = "Pods-iCook-iCookUITests.release.xcconfig"; path = "Target Support Files/Pods-iCook-iCookUITests/Pods-iCook-iCookUITests.release.xcconfig"; sourceTree = "<group>"; };
		3FF122B4D270F89A65BE50DE /* Pods-iCook.debug.xcconfig */ = {isa = PBXFileReference; includeInIndex = 1; lastKnownFileType = text.xcconfig; name = "Pods-iCook.debug.xcconfig"; path = "Target Support Files/Pods-iCook/Pods-iCook.debug.xcconfig"; sourceTree = "<group>"; };
		6E66A2605D465709C96116E8 /* Pods_iCook_iCookUITests.framework */ = {isa = PBXFileReference; explicitFileType = wrapper.framework; includeInIndex = 0; path = Pods_iCook_iCookUITests.framework; sourceTree = BUILT_PRODUCTS_DIR; };
		771018D431D13B0CEF23656D /* Pods_iCookTests.framework */ = {isa = PBXFileReference; explicitFileType = wrapper.framework; includeInIndex = 0; path = Pods_iCookTests.framework; sourceTree = BUILT_PRODUCTS_DIR; };
		7845A39FFA6E5E8C2CD9A30A /* Pods-iCookTests.release.xcconfig */ = {isa = PBXFileReference; includeInIndex = 1; lastKnownFileType = text.xcconfig; name = "Pods-iCookTests.release.xcconfig"; path = "Target Support Files/Pods-iCookTests/Pods-iCookTests.release.xcconfig"; sourceTree = "<group>"; };
		B2A9FF64DD12B7A84452D3A1 /* Pods-iCook.release.xcconfig */ = {isa = PBXFileReference; includeInIndex = 1; lastKnownFileType = text.xcconfig; name = "Pods-iCook.release.xcconfig"; path = "Target Support Files/Pods-iCook/Pods-iCook.release.xcconfig"; sourceTree = "<group>"; };
		EA1108F79D3345EAAB81FFE9 /* Pods-iCookTests.debug.xcconfig */ = {isa = PBXFileReference; includeInIndex = 1; lastKnownFileType = text.xcconfig; name = "Pods-iCookTests.debug.xcconfig"; path = "Target Support Files/Pods-iCookTests/Pods-iCookTests.debug.xcconfig"; sourceTree = "<group>"; };
		FD6BC0EC7FFE1405360EE693 /* Pods_iCook.framework */ = {isa = PBXFileReference; explicitFileType = wrapper.framework; includeInIndex = 0; path = Pods_iCook.framework; sourceTree = BUILT_PRODUCTS_DIR; };
/* End PBXFileReference section */

/* Begin PBXFrameworksBuildPhase section */
		06285D7325ADB6710090E8D7 /* Frameworks */ = {
			isa = PBXFrameworksBuildPhase;
			buildActionMask = 2147483647;
			files = (
				F0575D4186A012125E6F3005 /* Pods_iCook.framework in Frameworks */,
			);
			runOnlyForDeploymentPostprocessing = 0;
		};
		06285D8425ADB6710090E8D7 /* Frameworks */ = {
			isa = PBXFrameworksBuildPhase;
			buildActionMask = 2147483647;
			files = (
				66319CE36506330392B30DE8 /* Pods_iCookTests.framework in Frameworks */,
			);
			runOnlyForDeploymentPostprocessing = 0;
		};
		06285D8F25ADB6720090E8D7 /* Frameworks */ = {
			isa = PBXFrameworksBuildPhase;
			buildActionMask = 2147483647;
			files = (
				DA2C41A63CF7D2ED544D2A9E /* Pods_iCook_iCookUITests.framework in Frameworks */,
			);
			runOnlyForDeploymentPostprocessing = 0;
		};
/* End PBXFrameworksBuildPhase section */

/* Begin PBXGroup section */
		06285D6D25ADB6710090E8D7 = {
			isa = PBXGroup;
			children = (
				06285D7825ADB6710090E8D7 /* iCook */,
				06285D8A25ADB6710090E8D7 /* iCookTests */,
				06285D9525ADB6720090E8D7 /* iCookUITests */,
				06285D7725ADB6710090E8D7 /* Products */,
				A38B9417B44F89CB1DD8C885 /* Pods */,
				57D25D3C2A0E0AD7A568FAE7 /* Frameworks */,
			);
			sourceTree = "<group>";
		};
		06285D7725ADB6710090E8D7 /* Products */ = {
			isa = PBXGroup;
			children = (
				06285D7625ADB6710090E8D7 /* iCook.app */,
				06285D8725ADB6710090E8D7 /* iCookTests.xctest */,
				06285D9225ADB6720090E8D7 /* iCookUITests.xctest */,
			);
			name = Products;
			sourceTree = "<group>";
		};
		06285D7825ADB6710090E8D7 /* iCook */ = {
			isa = PBXGroup;
			children = (
				06ED5D3825B58C7700C4DCEF /* Mocks */,
				0697CDAF25B1C103008E0221 /* Errors */,
				06285DC225ADC45E0090E8D7 /* Views */,
				06285DC125ADC4520090E8D7 /* ViewModels */,
				06285DAD25ADB94E0090E8D7 /* Model */,
				06285DA725ADB8B60090E8D7 /* ServiceApis */,
				06285D7925ADB6710090E8D7 /* iCookApp.swift */,
				06285D7D25ADB6710090E8D7 /* Assets.xcassets */,
				06285D8225ADB6710090E8D7 /* Info.plist */,
				06285D7F25ADB6710090E8D7 /* Preview Content */,
				06285DB925ADBB320090E8D7 /* AppConstants.swift */,
			);
			path = iCook;
			sourceTree = "<group>";
		};
		06285D7F25ADB6710090E8D7 /* Preview Content */ = {
			isa = PBXGroup;
			children = (
				06285D8025ADB6710090E8D7 /* Preview Assets.xcassets */,
			);
			path = "Preview Content";
			sourceTree = "<group>";
		};
		06285D8A25ADB6710090E8D7 /* iCookTests */ = {
			isa = PBXGroup;
			children = (
				06285D8B25ADB6710090E8D7 /* iCookTests.swift */,
				06285D8D25ADB6710090E8D7 /* Info.plist */,
			);
			path = iCookTests;
			sourceTree = "<group>";
		};
		06285D9525ADB6720090E8D7 /* iCookUITests */ = {
			isa = PBXGroup;
			children = (
				06285D9625ADB6720090E8D7 /* iCookUITests.swift */,
				06285D9825ADB6720090E8D7 /* Info.plist */,
			);
			path = iCookUITests;
			sourceTree = "<group>";
		};
		06285DA725ADB8B60090E8D7 /* ServiceApis */ = {
			isa = PBXGroup;
			children = (
				06285DA825ADB9010090E8D7 /* SearchReceiptApi.swift */,
				0697CD8E25B17F27008E0221 /* ReceiptDetailApi.swift */,
			);
			path = ServiceApis;
			sourceTree = "<group>";
		};
		06285DAD25ADB94E0090E8D7 /* Model */ = {
			isa = PBXGroup;
			children = (
				0697CD8325B15C33008E0221 /* ReceiptDetail */,
				0697CD8225B15C1A008E0221 /* SearchReceipt */,
			);
			path = Model;
			sourceTree = "<group>";
		};
		06285DC125ADC4520090E8D7 /* ViewModels */ = {
			isa = PBXGroup;
			children = (
				06285DC625ADC4810090E8D7 /* SearchReceiptViewModel.swift */,
				0697CD8925B17EFC008E0221 /* ReceiptDetailViewModel.swift */,
			);
			path = ViewModels;
			sourceTree = "<group>";
		};
		06285DC225ADC45E0090E8D7 /* Views */ = {
			isa = PBXGroup;
			children = (
				0697CD9325B19BDF008E0221 /* ReceiptDetailViews */,
				06285D7B25ADB6710090E8D7 /* SearchReceiptView.swift */,
			);
			path = Views;
			sourceTree = "<group>";
		};
		0697CD8225B15C1A008E0221 /* SearchReceipt */ = {
			isa = PBXGroup;
			children = (
				06285DAE25ADB9820090E8D7 /* Receipt.swift */,
				06285DB325ADBA870090E8D7 /* SearchReceiptResult.swift */,
			);
			path = SearchReceipt;
			sourceTree = "<group>";
		};
		0697CD8325B15C33008E0221 /* ReceiptDetail */ = {
			isa = PBXGroup;
			children = (
				0697CD8425B15C50008E0221 /* ReceiptInformation.swift */,
			);
			path = ReceiptDetail;
			sourceTree = "<group>";
		};
		0697CD9325B19BDF008E0221 /* ReceiptDetailViews */ = {
			isa = PBXGroup;
			children = (
				0697CD7D25B15960008E0221 /* ReceiptDetailView.swift */,
				0697CD9425B19C07008E0221 /* ReceiptDetailOverviewView.swift */,
				0697CD9F25B19F60008E0221 /* ReceiptDetailIngredientsView.swift */,
				0697CDAA25B19FE8008E0221 /* ReceiptDetailStepsView.swift */,
			);
			path = ReceiptDetailViews;
			sourceTree = "<group>";
		};
		0697CDAF25B1C103008E0221 /* Errors */ = {
			isa = PBXGroup;
			children = (
				0697CDB025B1C114008E0221 /* SearchReceiptError.swift */,
			);
			path = Errors;
			sourceTree = "<group>";
		};
		06ED5D3825B58C7700C4DCEF /* Mocks */ = {
			isa = PBXGroup;
			children = (
				06DE8A0B25B99EFE00C8E63F /* data.json */,
				06E6B92C25B6E098009E9175 /* receipt.json */,
				06ED5D3925B58C9900C4DCEF /* MockReceipDetailApi.swift */,
				06DE8A0325B98AC400C8E63F /* MockSearchReceiptApi.swift */,
			);
			path = Mocks;
			sourceTree = "<group>";
		};
		57D25D3C2A0E0AD7A568FAE7 /* Frameworks */ = {
			isa = PBXGroup;
			children = (
				FD6BC0EC7FFE1405360EE693 /* Pods_iCook.framework */,
				6E66A2605D465709C96116E8 /* Pods_iCook_iCookUITests.framework */,
				771018D431D13B0CEF23656D /* Pods_iCookTests.framework */,
			);
			name = Frameworks;
			sourceTree = "<group>";
		};
		A38B9417B44F89CB1DD8C885 /* Pods */ = {
			isa = PBXGroup;
			children = (
				3FF122B4D270F89A65BE50DE /* Pods-iCook.debug.xcconfig */,
				B2A9FF64DD12B7A84452D3A1 /* Pods-iCook.release.xcconfig */,
				057E08C6D2259A0001A0B066 /* Pods-iCook-iCookUITests.debug.xcconfig */,
				0708697656D9BA4E15A0E1A9 /* Pods-iCook-iCookUITests.release.xcconfig */,
				EA1108F79D3345EAAB81FFE9 /* Pods-iCookTests.debug.xcconfig */,
				7845A39FFA6E5E8C2CD9A30A /* Pods-iCookTests.release.xcconfig */,
			);
			path = Pods;
			sourceTree = "<group>";
		};
/* End PBXGroup section */

/* Begin PBXNativeTarget section */
		06285D7525ADB6710090E8D7 /* iCook */ = {
			isa = PBXNativeTarget;
			buildConfigurationList = 06285D9B25ADB6720090E8D7 /* Build configuration list for PBXNativeTarget "iCook" */;
			buildPhases = (
				8DFE80D393E7B5D982FB4DBF /* [CP] Check Pods Manifest.lock */,
				06285D7225ADB6710090E8D7 /* Sources */,
				06285D7325ADB6710090E8D7 /* Frameworks */,
				06285D7425ADB6710090E8D7 /* Resources */,
				C3BD1C8135C7397CEFA13B43 /* [CP] Embed Pods Frameworks */,
			);
			buildRules = (
			);
			dependencies = (
			);
			name = iCook;
			productName = iCook;
			productReference = 06285D7625ADB6710090E8D7 /* iCook.app */;
			productType = "com.apple.product-type.application";
		};
		06285D8625ADB6710090E8D7 /* iCookTests */ = {
			isa = PBXNativeTarget;
			buildConfigurationList = 06285D9E25ADB6720090E8D7 /* Build configuration list for PBXNativeTarget "iCookTests" */;
			buildPhases = (
				A5C1CDA4E1B61A0B9A070816 /* [CP] Check Pods Manifest.lock */,
				06285D8325ADB6710090E8D7 /* Sources */,
				06285D8425ADB6710090E8D7 /* Frameworks */,
				06285D8525ADB6710090E8D7 /* Resources */,
			);
			buildRules = (
			);
			dependencies = (
				06285D8925ADB6710090E8D7 /* PBXTargetDependency */,
			);
			name = iCookTests;
			productName = iCookTests;
			productReference = 06285D8725ADB6710090E8D7 /* iCookTests.xctest */;
			productType = "com.apple.product-type.bundle.unit-test";
		};
		06285D9125ADB6720090E8D7 /* iCookUITests */ = {
			isa = PBXNativeTarget;
			buildConfigurationList = 06285DA125ADB6720090E8D7 /* Build configuration list for PBXNativeTarget "iCookUITests" */;
			buildPhases = (
				571527275D8A654765C823AA /* [CP] Check Pods Manifest.lock */,
				06285D8E25ADB6720090E8D7 /* Sources */,
				06285D8F25ADB6720090E8D7 /* Frameworks */,
				06285D9025ADB6720090E8D7 /* Resources */,
				784A1AF06CB6E79DC3FE1FA8 /* [CP] Embed Pods Frameworks */,
			);
			buildRules = (
			);
			dependencies = (
				06285D9425ADB6720090E8D7 /* PBXTargetDependency */,
			);
			name = iCookUITests;
			productName = iCookUITests;
			productReference = 06285D9225ADB6720090E8D7 /* iCookUITests.xctest */;
			productType = "com.apple.product-type.bundle.ui-testing";
		};
/* End PBXNativeTarget section */

/* Begin PBXProject section */
		06285D6E25ADB6710090E8D7 /* Project object */ = {
			isa = PBXProject;
			attributes = {
				LastSwiftUpdateCheck = 1230;
				LastUpgradeCheck = 1230;
				TargetAttributes = {
					06285D7525ADB6710090E8D7 = {
						CreatedOnToolsVersion = 12.3;
					};
					06285D8625ADB6710090E8D7 = {
						CreatedOnToolsVersion = 12.3;
						TestTargetID = 06285D7525ADB6710090E8D7;
					};
					06285D9125ADB6720090E8D7 = {
						CreatedOnToolsVersion = 12.3;
						TestTargetID = 06285D7525ADB6710090E8D7;
					};
				};
			};
			buildConfigurationList = 06285D7125ADB6710090E8D7 /* Build configuration list for PBXProject "iCook" */;
			compatibilityVersion = "Xcode 9.3";
			developmentRegion = en;
			hasScannedForEncodings = 0;
			knownRegions = (
				en,
				Base,
			);
			mainGroup = 06285D6D25ADB6710090E8D7;
			productRefGroup = 06285D7725ADB6710090E8D7 /* Products */;
			projectDirPath = "";
			projectRoot = "";
			targets = (
				06285D7525ADB6710090E8D7 /* iCook */,
				06285D8625ADB6710090E8D7 /* iCookTests */,
				06285D9125ADB6720090E8D7 /* iCookUITests */,
			);
		};
/* End PBXProject section */

/* Begin PBXResourcesBuildPhase section */
		06285D7425ADB6710090E8D7 /* Resources */ = {
			isa = PBXResourcesBuildPhase;
			buildActionMask = 2147483647;
			files = (
				06285D8125ADB6710090E8D7 /* Preview Assets.xcassets in Resources */,
				06285D7E25ADB6710090E8D7 /* Assets.xcassets in Resources */,
				06E6B92D25B6E098009E9175 /* receipt.json in Resources */,
				06DE8A0C25B99EFE00C8E63F /* data.json in Resources */,
			);
			runOnlyForDeploymentPostprocessing = 0;
		};
		06285D8525ADB6710090E8D7 /* Resources */ = {
			isa = PBXResourcesBuildPhase;
			buildActionMask = 2147483647;
			files = (
			);
			runOnlyForDeploymentPostprocessing = 0;
		};
		06285D9025ADB6720090E8D7 /* Resources */ = {
			isa = PBXResourcesBuildPhase;
			buildActionMask = 2147483647;
			files = (
			);
			runOnlyForDeploymentPostprocessing = 0;
		};
/* End PBXResourcesBuildPhase section */

/* Begin PBXShellScriptBuildPhase section */
		571527275D8A654765C823AA /* [CP] Check Pods Manifest.lock */ = {
			isa = PBXShellScriptBuildPhase;
			buildActionMask = 2147483647;
			files = (
			);
			inputFileListPaths = (
			);
			inputPaths = (
				"${PODS_PODFILE_DIR_PATH}/Podfile.lock",
				"${PODS_ROOT}/Manifest.lock",
			);
			name = "[CP] Check Pods Manifest.lock";
			outputFileListPaths = (
			);
			outputPaths = (
				"$(DERIVED_FILE_DIR)/Pods-iCook-iCookUITests-checkManifestLockResult.txt",
			);
			runOnlyForDeploymentPostprocessing = 0;
			shellPath = /bin/sh;
			shellScript = "diff \"${PODS_PODFILE_DIR_PATH}/Podfile.lock\" \"${PODS_ROOT}/Manifest.lock\" > /dev/null\nif [ $? != 0 ] ; then\n    # print error to STDERR\n    echo \"error: The sandbox is not in sync with the Podfile.lock. Run 'pod install' or update your CocoaPods installation.\" >&2\n    exit 1\nfi\n# This output is used by Xcode 'outputs' to avoid re-running this script phase.\necho \"SUCCESS\" > \"${SCRIPT_OUTPUT_FILE_0}\"\n";
			showEnvVarsInLog = 0;
		};
		784A1AF06CB6E79DC3FE1FA8 /* [CP] Embed Pods Frameworks */ = {
			isa = PBXShellScriptBuildPhase;
			buildActionMask = 2147483647;
			files = (
			);
			inputFileListPaths = (
				"${PODS_ROOT}/Target Support Files/Pods-iCook-iCookUITests/Pods-iCook-iCookUITests-frameworks-${CONFIGURATION}-input-files.xcfilelist",
			);
			name = "[CP] Embed Pods Frameworks";
			outputFileListPaths = (
				"${PODS_ROOT}/Target Support Files/Pods-iCook-iCookUITests/Pods-iCook-iCookUITests-frameworks-${CONFIGURATION}-output-files.xcfilelist",
			);
			runOnlyForDeploymentPostprocessing = 0;
			shellPath = /bin/sh;
			shellScript = "\"${PODS_ROOT}/Target Support Files/Pods-iCook-iCookUITests/Pods-iCook-iCookUITests-frameworks.sh\"\n";
			showEnvVarsInLog = 0;
		};
		8DFE80D393E7B5D982FB4DBF /* [CP] Check Pods Manifest.lock */ = {
			isa = PBXShellScriptBuildPhase;
			buildActionMask = 2147483647;
			files = (
			);
			inputFileListPaths = (
			);
			inputPaths = (
				"${PODS_PODFILE_DIR_PATH}/Podfile.lock",
				"${PODS_ROOT}/Manifest.lock",
			);
			name = "[CP] Check Pods Manifest.lock";
			outputFileListPaths = (
			);
			outputPaths = (
				"$(DERIVED_FILE_DIR)/Pods-iCook-checkManifestLockResult.txt",
			);
			runOnlyForDeploymentPostprocessing = 0;
			shellPath = /bin/sh;
			shellScript = "diff \"${PODS_PODFILE_DIR_PATH}/Podfile.lock\" \"${PODS_ROOT}/Manifest.lock\" > /dev/null\nif [ $? != 0 ] ; then\n    # print error to STDERR\n    echo \"error: The sandbox is not in sync with the Podfile.lock. Run 'pod install' or update your CocoaPods installation.\" >&2\n    exit 1\nfi\n# This output is used by Xcode 'outputs' to avoid re-running this script phase.\necho \"SUCCESS\" > \"${SCRIPT_OUTPUT_FILE_0}\"\n";
			showEnvVarsInLog = 0;
		};
		A5C1CDA4E1B61A0B9A070816 /* [CP] Check Pods Manifest.lock */ = {
			isa = PBXShellScriptBuildPhase;
			buildActionMask = 2147483647;
			files = (
			);
			inputFileListPaths = (
			);
			inputPaths = (
				"${PODS_PODFILE_DIR_PATH}/Podfile.lock",
				"${PODS_ROOT}/Manifest.lock",
			);
			name = "[CP] Check Pods Manifest.lock";
			outputFileListPaths = (
			);
			outputPaths = (
				"$(DERIVED_FILE_DIR)/Pods-iCookTests-checkManifestLockResult.txt",
			);
			runOnlyForDeploymentPostprocessing = 0;
			shellPath = /bin/sh;
			shellScript = "diff \"${PODS_PODFILE_DIR_PATH}/Podfile.lock\" \"${PODS_ROOT}/Manifest.lock\" > /dev/null\nif [ $? != 0 ] ; then\n    # print error to STDERR\n    echo \"error: The sandbox is not in sync with the Podfile.lock. Run 'pod install' or update your CocoaPods installation.\" >&2\n    exit 1\nfi\n# This output is used by Xcode 'outputs' to avoid re-running this script phase.\necho \"SUCCESS\" > \"${SCRIPT_OUTPUT_FILE_0}\"\n";
			showEnvVarsInLog = 0;
		};
		C3BD1C8135C7397CEFA13B43 /* [CP] Embed Pods Frameworks */ = {
			isa = PBXShellScriptBuildPhase;
			buildActionMask = 2147483647;
			files = (
			);
			inputFileListPaths = (
				"${PODS_ROOT}/Target Support Files/Pods-iCook/Pods-iCook-frameworks-${CONFIGURATION}-input-files.xcfilelist",
			);
			name = "[CP] Embed Pods Frameworks";
			outputFileListPaths = (
				"${PODS_ROOT}/Target Support Files/Pods-iCook/Pods-iCook-frameworks-${CONFIGURATION}-output-files.xcfilelist",
			);
			runOnlyForDeploymentPostprocessing = 0;
			shellPath = /bin/sh;
			shellScript = "\"${PODS_ROOT}/Target Support Files/Pods-iCook/Pods-iCook-frameworks.sh\"\n";
			showEnvVarsInLog = 0;
		};
/* End PBXShellScriptBuildPhase section */

/* Begin PBXSourcesBuildPhase section */
		06285D7225ADB6710090E8D7 /* Sources */ = {
			isa = PBXSourcesBuildPhase;
			buildActionMask = 2147483647;
			files = (
				0697CDAB25B19FE8008E0221 /* ReceiptDetailStepsView.swift in Sources */,
				06285DC725ADC4810090E8D7 /* SearchReceiptViewModel.swift in Sources */,
				06285DAF25ADB9820090E8D7 /* Receipt.swift in Sources */,
				06ED5D3A25B58C9900C4DCEF /* MockReceipDetailApi.swift in Sources */,
				06285DBA25ADBB320090E8D7 /* AppConstants.swift in Sources */,
				0697CD9525B19C07008E0221 /* ReceiptDetailOverviewView.swift in Sources */,
				06285D7C25ADB6710090E8D7 /* SearchReceiptView.swift in Sources */,
				0697CDB125B1C114008E0221 /* SearchReceiptError.swift in Sources */,
				0697CD8A25B17EFC008E0221 /* ReceiptDetailViewModel.swift in Sources */,
				0697CD8525B15C50008E0221 /* ReceiptInformation.swift in Sources */,
				0697CD7E25B15960008E0221 /* ReceiptDetailView.swift in Sources */,
				0697CD8F25B17F27008E0221 /* ReceiptDetailApi.swift in Sources */,
				06285D7A25ADB6710090E8D7 /* iCookApp.swift in Sources */,
				0697CDA025B19F60008E0221 /* ReceiptDetailIngredientsView.swift in Sources */,
				06285DB425ADBA870090E8D7 /* SearchReceiptResult.swift in Sources */,
				06DE8A0425B98AC400C8E63F /* MockSearchReceiptApi.swift in Sources */,
				06285DA925ADB9010090E8D7 /* SearchReceiptApi.swift in Sources */,
			);
			runOnlyForDeploymentPostprocessing = 0;
		};
		06285D8325ADB6710090E8D7 /* Sources */ = {
			isa = PBXSourcesBuildPhase;
			buildActionMask = 2147483647;
			files = (
				06285D8C25ADB6710090E8D7 /* iCookTests.swift in Sources */,
			);
			runOnlyForDeploymentPostprocessing = 0;
		};
		06285D8E25ADB6720090E8D7 /* Sources */ = {
			isa = PBXSourcesBuildPhase;
			buildActionMask = 2147483647;
			files = (
				06285D9725ADB6720090E8D7 /* iCookUITests.swift in Sources */,
			);
			runOnlyForDeploymentPostprocessing = 0;
		};
/* End PBXSourcesBuildPhase section */

/* Begin PBXTargetDependency section */
		06285D8925ADB6710090E8D7 /* PBXTargetDependency */ = {
			isa = PBXTargetDependency;
			target = 06285D7525ADB6710090E8D7 /* iCook */;
			targetProxy = 06285D8825ADB6710090E8D7 /* PBXContainerItemProxy */;
		};
		06285D9425ADB6720090E8D7 /* PBXTargetDependency */ = {
			isa = PBXTargetDependency;
			target = 06285D7525ADB6710090E8D7 /* iCook */;
			targetProxy = 06285D9325ADB6720090E8D7 /* PBXContainerItemProxy */;
		};
/* End PBXTargetDependency section */

/* Begin XCBuildConfiguration section */
		06285D9925ADB6720090E8D7 /* Debug */ = {
			isa = XCBuildConfiguration;
			buildSettings = {
				ALWAYS_SEARCH_USER_PATHS = NO;
				CLANG_ANALYZER_NONNULL = YES;
				CLANG_ANALYZER_NUMBER_OBJECT_CONVERSION = YES_AGGRESSIVE;
				CLANG_CXX_LANGUAGE_STANDARD = "gnu++14";
				CLANG_CXX_LIBRARY = "libc++";
				CLANG_ENABLE_MODULES = YES;
				CLANG_ENABLE_OBJC_ARC = YES;
				CLANG_ENABLE_OBJC_WEAK = YES;
				CLANG_WARN_BLOCK_CAPTURE_AUTORELEASING = YES;
				CLANG_WARN_BOOL_CONVERSION = YES;
				CLANG_WARN_COMMA = YES;
				CLANG_WARN_CONSTANT_CONVERSION = YES;
				CLANG_WARN_DEPRECATED_OBJC_IMPLEMENTATIONS = YES;
				CLANG_WARN_DIRECT_OBJC_ISA_USAGE = YES_ERROR;
				CLANG_WARN_DOCUMENTATION_COMMENTS = YES;
				CLANG_WARN_EMPTY_BODY = YES;
				CLANG_WARN_ENUM_CONVERSION = YES;
				CLANG_WARN_INFINITE_RECURSION = YES;
				CLANG_WARN_INT_CONVERSION = YES;
				CLANG_WARN_NON_LITERAL_NULL_CONVERSION = YES;
				CLANG_WARN_OBJC_IMPLICIT_RETAIN_SELF = YES;
				CLANG_WARN_OBJC_LITERAL_CONVERSION = YES;
				CLANG_WARN_OBJC_ROOT_CLASS = YES_ERROR;
				CLANG_WARN_QUOTED_INCLUDE_IN_FRAMEWORK_HEADER = YES;
				CLANG_WARN_RANGE_LOOP_ANALYSIS = YES;
				CLANG_WARN_STRICT_PROTOTYPES = YES;
				CLANG_WARN_SUSPICIOUS_MOVE = YES;
				CLANG_WARN_UNGUARDED_AVAILABILITY = YES_AGGRESSIVE;
				CLANG_WARN_UNREACHABLE_CODE = YES;
				CLANG_WARN__DUPLICATE_METHOD_MATCH = YES;
				COPY_PHASE_STRIP = NO;
				DEBUG_INFORMATION_FORMAT = dwarf;
				ENABLE_STRICT_OBJC_MSGSEND = YES;
				ENABLE_TESTABILITY = YES;
				GCC_C_LANGUAGE_STANDARD = gnu11;
				GCC_DYNAMIC_NO_PIC = NO;
				GCC_NO_COMMON_BLOCKS = YES;
				GCC_OPTIMIZATION_LEVEL = 0;
				GCC_PREPROCESSOR_DEFINITIONS = (
					"DEBUG=1",
					"$(inherited)",
				);
				GCC_WARN_64_TO_32_BIT_CONVERSION = YES;
				GCC_WARN_ABOUT_RETURN_TYPE = YES_ERROR;
				GCC_WARN_UNDECLARED_SELECTOR = YES;
				GCC_WARN_UNINITIALIZED_AUTOS = YES_AGGRESSIVE;
				GCC_WARN_UNUSED_FUNCTION = YES;
				GCC_WARN_UNUSED_VARIABLE = YES;
				IPHONEOS_DEPLOYMENT_TARGET = 14.3;
				MTL_ENABLE_DEBUG_INFO = INCLUDE_SOURCE;
				MTL_FAST_MATH = YES;
				ONLY_ACTIVE_ARCH = YES;
				SDKROOT = iphoneos;
				SWIFT_ACTIVE_COMPILATION_CONDITIONS = DEBUG;
				SWIFT_OPTIMIZATION_LEVEL = "-Onone";
			};
			name = Debug;
		};
		06285D9A25ADB6720090E8D7 /* Release */ = {
			isa = XCBuildConfiguration;
			buildSettings = {
				ALWAYS_SEARCH_USER_PATHS = NO;
				CLANG_ANALYZER_NONNULL = YES;
				CLANG_ANALYZER_NUMBER_OBJECT_CONVERSION = YES_AGGRESSIVE;
				CLANG_CXX_LANGUAGE_STANDARD = "gnu++14";
				CLANG_CXX_LIBRARY = "libc++";
				CLANG_ENABLE_MODULES = YES;
				CLANG_ENABLE_OBJC_ARC = YES;
				CLANG_ENABLE_OBJC_WEAK = YES;
				CLANG_WARN_BLOCK_CAPTURE_AUTORELEASING = YES;
				CLANG_WARN_BOOL_CONVERSION = YES;
				CLANG_WARN_COMMA = YES;
				CLANG_WARN_CONSTANT_CONVERSION = YES;
				CLANG_WARN_DEPRECATED_OBJC_IMPLEMENTATIONS = YES;
				CLANG_WARN_DIRECT_OBJC_ISA_USAGE = YES_ERROR;
				CLANG_WARN_DOCUMENTATION_COMMENTS = YES;
				CLANG_WARN_EMPTY_BODY = YES;
				CLANG_WARN_ENUM_CONVERSION = YES;
				CLANG_WARN_INFINITE_RECURSION = YES;
				CLANG_WARN_INT_CONVERSION = YES;
				CLANG_WARN_NON_LITERAL_NULL_CONVERSION = YES;
				CLANG_WARN_OBJC_IMPLICIT_RETAIN_SELF = YES;
				CLANG_WARN_OBJC_LITERAL_CONVERSION = YES;
				CLANG_WARN_OBJC_ROOT_CLASS = YES_ERROR;
				CLANG_WARN_QUOTED_INCLUDE_IN_FRAMEWORK_HEADER = YES;
				CLANG_WARN_RANGE_LOOP_ANALYSIS = YES;
				CLANG_WARN_STRICT_PROTOTYPES = YES;
				CLANG_WARN_SUSPICIOUS_MOVE = YES;
				CLANG_WARN_UNGUARDED_AVAILABILITY = YES_AGGRESSIVE;
				CLANG_WARN_UNREACHABLE_CODE = YES;
				CLANG_WARN__DUPLICATE_METHOD_MATCH = YES;
				COPY_PHASE_STRIP = NO;
				DEBUG_INFORMATION_FORMAT = "dwarf-with-dsym";
				ENABLE_NS_ASSERTIONS = NO;
				ENABLE_STRICT_OBJC_MSGSEND = YES;
				GCC_C_LANGUAGE_STANDARD = gnu11;
				GCC_NO_COMMON_BLOCKS = YES;
				GCC_WARN_64_TO_32_BIT_CONVERSION = YES;
				GCC_WARN_ABOUT_RETURN_TYPE = YES_ERROR;
				GCC_WARN_UNDECLARED_SELECTOR = YES;
				GCC_WARN_UNINITIALIZED_AUTOS = YES_AGGRESSIVE;
				GCC_WARN_UNUSED_FUNCTION = YES;
				GCC_WARN_UNUSED_VARIABLE = YES;
				IPHONEOS_DEPLOYMENT_TARGET = 14.3;
				MTL_ENABLE_DEBUG_INFO = NO;
				MTL_FAST_MATH = YES;
				SDKROOT = iphoneos;
				SWIFT_COMPILATION_MODE = wholemodule;
				SWIFT_OPTIMIZATION_LEVEL = "-O";
				VALIDATE_PRODUCT = YES;
			};
			name = Release;
		};
		06285D9C25ADB6720090E8D7 /* Debug */ = {
			isa = XCBuildConfiguration;
			baseConfigurationReference = 3FF122B4D270F89A65BE50DE /* Pods-iCook.debug.xcconfig */;
			buildSettings = {
				ASSETCATALOG_COMPILER_APPICON_NAME = AppIcon;
				ASSETCATALOG_COMPILER_GLOBAL_ACCENT_COLOR_NAME = AccentColor;
				CODE_SIGN_STYLE = Automatic;
				DEVELOPMENT_ASSET_PATHS = "\"iCook/Preview Content\"";
				DEVELOPMENT_TEAM = VAK6JJ2Z45;
				ENABLE_PREVIEWS = YES;
				INFOPLIST_FILE = iCook/Info.plist;
				IPHONEOS_DEPLOYMENT_TARGET = 14.0;
				LD_RUNPATH_SEARCH_PATHS = (
					"$(inherited)",
					"@executable_path/Frameworks",
				);
				PRODUCT_BUNDLE_IDENTIFIER = bohirjon.iCook;
				PRODUCT_NAME = "$(TARGET_NAME)";
				SWIFT_VERSION = 5.0;
				TARGETED_DEVICE_FAMILY = "1,2";
			};
			name = Debug;
		};
		06285D9D25ADB6720090E8D7 /* Release */ = {
			isa = XCBuildConfiguration;
			baseConfigurationReference = B2A9FF64DD12B7A84452D3A1 /* Pods-iCook.release.xcconfig */;
			buildSettings = {
				ASSETCATALOG_COMPILER_APPICON_NAME = AppIcon;
				ASSETCATALOG_COMPILER_GLOBAL_ACCENT_COLOR_NAME = AccentColor;
				CODE_SIGN_STYLE = Automatic;
				DEVELOPMENT_ASSET_PATHS = "\"iCook/Preview Content\"";
				DEVELOPMENT_TEAM = VAK6JJ2Z45;
				ENABLE_PREVIEWS = YES;
				INFOPLIST_FILE = iCook/Info.plist;
				IPHONEOS_DEPLOYMENT_TARGET = 14.0;
				LD_RUNPATH_SEARCH_PATHS = (
					"$(inherited)",
					"@executable_path/Frameworks",
				);
				PRODUCT_BUNDLE_IDENTIFIER = bohirjon.iCook;
				PRODUCT_NAME = "$(TARGET_NAME)";
				SWIFT_VERSION = 5.0;
				TARGETED_DEVICE_FAMILY = "1,2";
			};
			name = Release;
		};
		06285D9F25ADB6720090E8D7 /* Debug */ = {
			isa = XCBuildConfiguration;
			baseConfigurationReference = EA1108F79D3345EAAB81FFE9 /* Pods-iCookTests.debug.xcconfig */;
			buildSettings = {
				ALWAYS_EMBED_SWIFT_STANDARD_LIBRARIES = YES;
				BUNDLE_LOADER = "$(TEST_HOST)";
				CODE_SIGN_STYLE = Automatic;
				DEVELOPMENT_TEAM = VAK6JJ2Z45;
				INFOPLIST_FILE = iCookTests/Info.plist;
				IPHONEOS_DEPLOYMENT_TARGET = 14.0;
				LD_RUNPATH_SEARCH_PATHS = (
					"$(inherited)",
					"@executable_path/Frameworks",
					"@loader_path/Frameworks",
				);
				PRODUCT_BUNDLE_IDENTIFIER = bohirjon.iCookTests;
				PRODUCT_NAME = "$(TARGET_NAME)";
				SWIFT_VERSION = 5.0;
				TARGETED_DEVICE_FAMILY = "1,2";
				TEST_HOST = "$(BUILT_PRODUCTS_DIR)/iCook.app/iCook";
			};
			name = Debug;
		};
		06285DA025ADB6720090E8D7 /* Release */ = {
			isa = XCBuildConfiguration;
			baseConfigurationReference = 7845A39FFA6E5E8C2CD9A30A /* Pods-iCookTests.release.xcconfig */;
			buildSettings = {
				ALWAYS_EMBED_SWIFT_STANDARD_LIBRARIES = YES;
				BUNDLE_LOADER = "$(TEST_HOST)";
				CODE_SIGN_STYLE = Automatic;
				DEVELOPMENT_TEAM = VAK6JJ2Z45;
				INFOPLIST_FILE = iCookTests/Info.plist;
				IPHONEOS_DEPLOYMENT_TARGET = 14.0;
				LD_RUNPATH_SEARCH_PATHS = (
					"$(inherited)",
					"@executable_path/Frameworks",
					"@loader_path/Frameworks",
				);
				PRODUCT_BUNDLE_IDENTIFIER = bohirjon.iCookTests;
				PRODUCT_NAME = "$(TARGET_NAME)";
				SWIFT_VERSION = 5.0;
				TARGETED_DEVICE_FAMILY = "1,2";
				TEST_HOST = "$(BUILT_PRODUCTS_DIR)/iCook.app/iCook";
			};
			name = Release;
		};
		06285DA225ADB6720090E8D7 /* Debug */ = {
			isa = XCBuildConfiguration;
			baseConfigurationReference = 057E08C6D2259A0001A0B066 /* Pods-iCook-iCookUITests.debug.xcconfig */;
			buildSettings = {
				ALWAYS_EMBED_SWIFT_STANDARD_LIBRARIES = YES;
				CODE_SIGN_STYLE = Automatic;
				DEVELOPMENT_TEAM = VAK6JJ2Z45;
				INFOPLIST_FILE = iCookUITests/Info.plist;
				LD_RUNPATH_SEARCH_PATHS = (
					"$(inherited)",
					"@executable_path/Frameworks",
					"@loader_path/Frameworks",
				);
				PRODUCT_BUNDLE_IDENTIFIER = bohirjon.iCookUITests;
				PRODUCT_NAME = "$(TARGET_NAME)";
				SWIFT_VERSION = 5.0;
				TARGETED_DEVICE_FAMILY = "1,2";
				TEST_TARGET_NAME = iCook;
			};
			name = Debug;
		};
		06285DA325ADB6720090E8D7 /* Release */ = {
			isa = XCBuildConfiguration;
			baseConfigurationReference = 0708697656D9BA4E15A0E1A9 /* Pods-iCook-iCookUITests.release.xcconfig */;
			buildSettings = {
				ALWAYS_EMBED_SWIFT_STANDARD_LIBRARIES = YES;
				CODE_SIGN_STYLE = Automatic;
				DEVELOPMENT_TEAM = VAK6JJ2Z45;
				INFOPLIST_FILE = iCookUITests/Info.plist;
				LD_RUNPATH_SEARCH_PATHS = (
					"$(inherited)",
					"@executable_path/Frameworks",
					"@loader_path/Frameworks",
				);
				PRODUCT_BUNDLE_IDENTIFIER = bohirjon.iCookUITests;
				PRODUCT_NAME = "$(TARGET_NAME)";
				SWIFT_VERSION = 5.0;
				TARGETED_DEVICE_FAMILY = "1,2";
				TEST_TARGET_NAME = iCook;
			};
			name = Release;
		};
/* End XCBuildConfiguration section */

/* Begin XCConfigurationList section */
		06285D7125ADB6710090E8D7 /* Build configuration list for PBXProject "iCook" */ = {
			isa = XCConfigurationList;
			buildConfigurations = (
				06285D9925ADB6720090E8D7 /* Debug */,
				06285D9A25ADB6720090E8D7 /* Release */,
			);
			defaultConfigurationIsVisible = 0;
			defaultConfigurationName = Release;
		};
		06285D9B25ADB6720090E8D7 /* Build configuration list for PBXNativeTarget "iCook" */ = {
			isa = XCConfigurationList;
			buildConfigurations = (
				06285D9C25ADB6720090E8D7 /* Debug */,
				06285D9D25ADB6720090E8D7 /* Release */,
			);
			defaultConfigurationIsVisible = 0;
			defaultConfigurationName = Release;
		};
		06285D9E25ADB6720090E8D7 /* Build configuration list for PBXNativeTarget "iCookTests" */ = {
			isa = XCConfigurationList;
			buildConfigurations = (
				06285D9F25ADB6720090E8D7 /* Debug */,
				06285DA025ADB6720090E8D7 /* Release */,
			);
			defaultConfigurationIsVisible = 0;
			defaultConfigurationName = Release;
		};
		06285DA125ADB6720090E8D7 /* Build configuration list for PBXNativeTarget "iCookUITests" */ = {
			isa = XCConfigurationList;
			buildConfigurations = (
				06285DA225ADB6720090E8D7 /* Debug */,
				06285DA325ADB6720090E8D7 /* Release */,
			);
			defaultConfigurationIsVisible = 0;
			defaultConfigurationName = Release;
		};
/* End XCConfigurationList section */
	};
	rootObject = 06285D6E25ADB6710090E8D7 /* Project object */;
}
